
Microsoft Visual Studio Solution File, Format Version 12.00
# Visual Studio 15
VisualStudioVersion = 15.0.26403.7
MinimumVisualStudioVersion = 10.0.40219.1
Project("{FAE04EC0-301F-11D3-BF4B-00C04F79EFBC}") = "01. Wormtest", "01. Wormtest\01. Wormtest.csproj", "{F1001359-6400-417F-8E32-DA70A02CDA87}"
EndProject
Project("{FAE04EC0-301F-11D3-BF4B-00C04F79EFBC}") = "02. Worm Ipsum", "02. Worm Ipsum\02. Worm Ipsum.csproj", "{C03B6861-7108-426C-B5D5-D50FE842F9D3}"
EndProject
Project("{FAE04EC0-301F-11D3-BF4B-00C04F79EFBC}") = "03. Wormhole", "03. Wormhole\03. Wormhole.csproj", "{2FD3C072-FE30-4A14-B24E-B7E043E40AB7}"
EndProject
Project("{FAE04EC0-301F-11D3-BF4B-00C04F79EFBC}") = "04. Worms World Party", "04. Worms World Party\04. Worms World Party.csproj", "{B1C05DD5-9C82-415C-A860-892957D4A9FF}"
EndProject
Global
	GlobalSection(SolutionConfigurationPlatforms) = preSolution
		Debug|Any CPU = Debug|Any CPU
		Release|Any CPU = Release|Any CPU
	EndGlobalSection
	GlobalSection(ProjectConfigurationPlatforms) = postSolution
		{F1001359-6400-417F-8E32-DA70A02CDA87}.Debug|Any CPU.ActiveCfg = Debug|Any CPU
		{F1001359-6400-417F-8E32-DA70A02CDA87}.Debug|Any CPU.Build.0 = Debug|Any CPU
		{F1001359-6400-417F-8E32-DA70A02CDA87}.Release|Any CPU.ActiveCfg = Release|Any CPU
		{F1001359-6400-417F-8E32-DA70A02CDA87}.Release|Any CPU.Build.0 = Release|Any CPU
		{C03B6861-7108-426C-B5D5-D50FE842F9D3}.Debug|Any CPU.ActiveCfg = Debug|Any CPU
		{C03B6861-7108-426C-B5D5-D50FE842F9D3}.Debug|Any CPU.Build.0 = Debug|Any CPU
		{C03B6861-7108-426C-B5D5-D50FE842F9D3}.Release|Any CPU.ActiveCfg = Release|Any CPU
		{C03B6861-7108-426C-B5D5-D50FE842F9D3}.Release|Any CPU.Build.0 = Release|Any CPU
		{2FD3C072-FE30-4A14-B24E-B7E043E40AB7}.Debug|Any CPU.ActiveCfg = Debug|Any CPU
		{2FD3C072-FE30-4A14-B24E-B7E043E40AB7}.Debug|Any CPU.Build.0 = Debug|Any CPU
		{2FD3C072-FE30-4A14-B24E-B7E043E40AB7}.Release|Any CPU.ActiveCfg = Release|Any CPU
		{2FD3C072-FE30-4A14-B24E-B7E043E40AB7}.Release|Any CPU.Build.0 = Release|Any CPU
		{B1C05DD5-9C82-415C-A860-892957D4A9FF}.Debug|Any CPU.ActiveCfg = Debug|Any CPU
		{B1C05DD5-9C82-415C-A860-892957D4A9FF}.Debug|Any CPU.Build.0 = Debug|Any CPU
		{B1C05DD5-9C82-415C-A860-892957D4A9FF}.Release|Any CPU.ActiveCfg = Release|Any CPU
		{B1C05DD5-9C82-415C-A860-892957D4A9FF}.Release|Any CPU.Build.0 = Release|Any CPU
	EndGlobalSection
	GlobalSection(SolutionProperties) = preSolution
		HideSolutionNode = FALSE
	EndGlobalSection
EndGlobal
