
Microsoft Visual Studio Solution File, Format Version 12.00
# Visual Studio 15
VisualStudioVersion = 15.0.26403.3
MinimumVisualStudioVersion = 10.0.40219.1
Project("{FAE04EC0-301F-11D3-BF4B-00C04F79EFBC}") = "01. Charity Marathon", "01. Charity Marathon\01. Charity Marathon.csproj", "{F28BDC8B-F28A-4384-B477-0679B18F512E}"
EndProject
Project("{FAE04EC0-301F-11D3-BF4B-00C04F79EFBC}") = "02. Ladybugs", "02. Ladybugs\02. Ladybugs.csproj", "{5775F5CB-5E89-41EA-BF78-F4CC70882B61}"
EndProject
Global
	GlobalSection(SolutionConfigurationPlatforms) = preSolution
		Debug|Any CPU = Debug|Any CPU
		Release|Any CPU = Release|Any CPU
	EndGlobalSection
	GlobalSection(ProjectConfigurationPlatforms) = postSolution
		{F28BDC8B-F28A-4384-B477-0679B18F512E}.Debug|Any CPU.ActiveCfg = Debug|Any CPU
		{F28BDC8B-F28A-4384-B477-0679B18F512E}.Debug|Any CPU.Build.0 = Debug|Any CPU
		{F28BDC8B-F28A-4384-B477-0679B18F512E}.Release|Any CPU.ActiveCfg = Release|Any CPU
		{F28BDC8B-F28A-4384-B477-0679B18F512E}.Release|Any CPU.Build.0 = Release|Any CPU
		{5775F5CB-5E89-41EA-BF78-F4CC70882B61}.Debug|Any CPU.ActiveCfg = Debug|Any CPU
		{5775F5CB-5E89-41EA-BF78-F4CC70882B61}.Debug|Any CPU.Build.0 = Debug|Any CPU
		{5775F5CB-5E89-41EA-BF78-F4CC70882B61}.Release|Any CPU.ActiveCfg = Release|Any CPU
		{5775F5CB-5E89-41EA-BF78-F4CC70882B61}.Release|Any CPU.Build.0 = Release|Any CPU
	EndGlobalSection
	GlobalSection(SolutionProperties) = preSolution
		HideSolutionNode = FALSE
	EndGlobalSection
EndGlobal
